// !$*UTF8*$!
{
	archiveVersion = 1;
	classes = {
	};
	objectVersion = 50;
	objects = {

/* Begin PBXBuildFile section */
		F72B92AD24E0C6BD00E1C008 /* AppState.swift in Sources */ = {isa = PBXBuildFile; fileRef = F72B92AC24E0C6BD00E1C008 /* AppState.swift */; };
		F72B92AE24E0C6BD00E1C008 /* AppState.swift in Sources */ = {isa = PBXBuildFile; fileRef = F72B92AC24E0C6BD00E1C008 /* AppState.swift */; };
		F72B92B024E0C9F400E1C008 /* AppEnvironment.swift in Sources */ = {isa = PBXBuildFile; fileRef = F72B92AF24E0C9F400E1C008 /* AppEnvironment.swift */; };
		F72B92B124E0C9F400E1C008 /* AppEnvironment.swift in Sources */ = {isa = PBXBuildFile; fileRef = F72B92AF24E0C9F400E1C008 /* AppEnvironment.swift */; };
		F73E9AFC24F929A300FA1584 /* CompactAppScene.swift in Sources */ = {isa = PBXBuildFile; fileRef = F73E9AFB24F929A300FA1584 /* CompactAppScene.swift */; };
		F73E9AFE24F92A3200FA1584 /* FrancisApp.swift in Sources */ = {isa = PBXBuildFile; fileRef = F73E9AFD24F92A3200FA1584 /* FrancisApp.swift */; };
		F73E9B0024F92AAC00FA1584 /* ColumnAppScene.swift in Sources */ = {isa = PBXBuildFile; fileRef = F73E9AFF24F92AAC00FA1584 /* ColumnAppScene.swift */; };
		F73E9B0124F92B1600FA1584 /* FrancisApp.swift in Sources */ = {isa = PBXBuildFile; fileRef = F73E9AFD24F92A3200FA1584 /* FrancisApp.swift */; };
		F73E9B0424F9D83800FA1584 /* ServiceView.swift in Sources */ = {isa = PBXBuildFile; fileRef = F73E9B0324F9D83800FA1584 /* ServiceView.swift */; };
		F73E9B0524F9D83800FA1584 /* ServiceView.swift in Sources */ = {isa = PBXBuildFile; fileRef = F73E9B0324F9D83800FA1584 /* ServiceView.swift */; };
		F73E9B0724F9D8BD00FA1584 /* ServicesListView.swift in Sources */ = {isa = PBXBuildFile; fileRef = F73E9B0624F9D8BD00FA1584 /* ServicesListView.swift */; };
		F73E9B0824F9D8BD00FA1584 /* ServicesListView.swift in Sources */ = {isa = PBXBuildFile; fileRef = F73E9B0624F9D8BD00FA1584 /* ServicesListView.swift */; };
		F7EA282024D733CC00A28C63 /* ServiceTypesListView.swift in Sources */ = {isa = PBXBuildFile; fileRef = F7EA280C24D733CB00A28C63 /* ServiceTypesListView.swift */; };
		F7EA282124D733CC00A28C63 /* ServiceTypesListView.swift in Sources */ = {isa = PBXBuildFile; fileRef = F7EA280C24D733CB00A28C63 /* ServiceTypesListView.swift */; };
		F7EA282224D733CC00A28C63 /* Assets.xcassets in Resources */ = {isa = PBXBuildFile; fileRef = F7EA280D24D733CC00A28C63 /* Assets.xcassets */; };
		F7EA282324D733CC00A28C63 /* Assets.xcassets in Resources */ = {isa = PBXBuildFile; fileRef = F7EA280D24D733CC00A28C63 /* Assets.xcassets */; };
		F7EA283D24D735E300A28C63 /* Publisher+Combine.swift in Sources */ = {isa = PBXBuildFile; fileRef = F7EA283324D735E300A28C63 /* Publisher+Combine.swift */; };
		F7EA283E24D735E300A28C63 /* Publisher+Combine.swift in Sources */ = {isa = PBXBuildFile; fileRef = F7EA283324D735E300A28C63 /* Publisher+Combine.swift */; };
		F7EA284524D735E300A28C63 /* NetServiceBrowser+Combine.swift in Sources */ = {isa = PBXBuildFile; fileRef = F7EA283724D735E300A28C63 /* NetServiceBrowser+Combine.swift */; };
		F7EA284624D735E300A28C63 /* NetServiceBrowser+Combine.swift in Sources */ = {isa = PBXBuildFile; fileRef = F7EA283724D735E300A28C63 /* NetServiceBrowser+Combine.swift */; };
		F7EA284724D735E300A28C63 /* NetService+Combine.swift in Sources */ = {isa = PBXBuildFile; fileRef = F7EA283824D735E300A28C63 /* NetService+Combine.swift */; };
		F7EA284824D735E300A28C63 /* NetService+Combine.swift in Sources */ = {isa = PBXBuildFile; fileRef = F7EA283824D735E300A28C63 /* NetService+Combine.swift */; };
		F7EA284B24D735E300A28C63 /* ServiceTypesProvider.swift in Sources */ = {isa = PBXBuildFile; fileRef = F7EA283A24D735E300A28C63 /* ServiceTypesProvider.swift */; };
		F7EA284C24D735E300A28C63 /* ServiceTypesProvider.swift in Sources */ = {isa = PBXBuildFile; fileRef = F7EA283A24D735E300A28C63 /* ServiceTypesProvider.swift */; };
/* End PBXBuildFile section */

/* Begin PBXFileReference section */
		F72B92AC24E0C6BD00E1C008 /* AppState.swift */ = {isa = PBXFileReference; lastKnownFileType = sourcecode.swift; path = AppState.swift; sourceTree = "<group>"; };
		F72B92AF24E0C9F400E1C008 /* AppEnvironment.swift */ = {isa = PBXFileReference; lastKnownFileType = sourcecode.swift; path = AppEnvironment.swift; sourceTree = "<group>"; };
		F73E9AFB24F929A300FA1584 /* CompactAppScene.swift */ = {isa = PBXFileReference; lastKnownFileType = sourcecode.swift; path = CompactAppScene.swift; sourceTree = "<group>"; };
		F73E9AFD24F92A3200FA1584 /* FrancisApp.swift */ = {isa = PBXFileReference; lastKnownFileType = sourcecode.swift; path = FrancisApp.swift; sourceTree = "<group>"; };
		F73E9AFF24F92AAC00FA1584 /* ColumnAppScene.swift */ = {isa = PBXFileReference; lastKnownFileType = sourcecode.swift; path = ColumnAppScene.swift; sourceTree = "<group>"; };
		F73E9B0324F9D83800FA1584 /* ServiceView.swift */ = {isa = PBXFileReference; lastKnownFileType = sourcecode.swift; path = ServiceView.swift; sourceTree = "<group>"; };
		F73E9B0624F9D8BD00FA1584 /* ServicesListView.swift */ = {isa = PBXFileReference; lastKnownFileType = sourcecode.swift; path = ServicesListView.swift; sourceTree = "<group>"; };
		F7EA280C24D733CB00A28C63 /* ServiceTypesListView.swift */ = {isa = PBXFileReference; lastKnownFileType = sourcecode.swift; path = ServiceTypesListView.swift; sourceTree = "<group>"; };
		F7EA280D24D733CC00A28C63 /* Assets.xcassets */ = {isa = PBXFileReference; lastKnownFileType = folder.assetcatalog; path = Assets.xcassets; sourceTree = "<group>"; };
		F7EA281224D733CC00A28C63 /* Francis.app */ = {isa = PBXFileReference; explicitFileType = wrapper.application; includeInIndex = 0; path = Francis.app; sourceTree = BUILT_PRODUCTS_DIR; };
		F7EA281524D733CC00A28C63 /* Info.plist */ = {isa = PBXFileReference; lastKnownFileType = text.plist.xml; path = Info.plist; sourceTree = "<group>"; };
		F7EA281A24D733CC00A28C63 /* Francis.app */ = {isa = PBXFileReference; explicitFileType = wrapper.application; includeInIndex = 0; path = Francis.app; sourceTree = BUILT_PRODUCTS_DIR; };
		F7EA281C24D733CC00A28C63 /* Info.plist */ = {isa = PBXFileReference; lastKnownFileType = text.plist.xml; path = Info.plist; sourceTree = "<group>"; };
		F7EA281D24D733CC00A28C63 /* macOS.entitlements */ = {isa = PBXFileReference; lastKnownFileType = text.plist.entitlements; path = macOS.entitlements; sourceTree = "<group>"; };
		F7EA283324D735E300A28C63 /* Publisher+Combine.swift */ = {isa = PBXFileReference; fileEncoding = 4; lastKnownFileType = sourcecode.swift; path = "Publisher+Combine.swift"; sourceTree = "<group>"; };
		F7EA283724D735E300A28C63 /* NetServiceBrowser+Combine.swift */ = {isa = PBXFileReference; fileEncoding = 4; lastKnownFileType = sourcecode.swift; path = "NetServiceBrowser+Combine.swift"; sourceTree = "<group>"; };
		F7EA283824D735E300A28C63 /* NetService+Combine.swift */ = {isa = PBXFileReference; fileEncoding = 4; lastKnownFileType = sourcecode.swift; path = "NetService+Combine.swift"; sourceTree = "<group>"; };
		F7EA283A24D735E300A28C63 /* ServiceTypesProvider.swift */ = {isa = PBXFileReference; fileEncoding = 4; lastKnownFileType = sourcecode.swift; path = ServiceTypesProvider.swift; sourceTree = "<group>"; };
		F7EA285124D96AC500A28C63 /* Sidebar.swift */ = {isa = PBXFileReference; lastKnownFileType = sourcecode.swift; path = Sidebar.swift; sourceTree = "<group>"; };
/* End PBXFileReference section */

/* Begin PBXFrameworksBuildPhase section */
		F7EA280F24D733CC00A28C63 /* Frameworks */ = {
			isa = PBXFrameworksBuildPhase;
			buildActionMask = 2147483647;
			files = (
			);
			runOnlyForDeploymentPostprocessing = 0;
		};
		F7EA281724D733CC00A28C63 /* Frameworks */ = {
			isa = PBXFrameworksBuildPhase;
			buildActionMask = 2147483647;
			files = (
			);
			runOnlyForDeploymentPostprocessing = 0;
		};
/* End PBXFrameworksBuildPhase section */

/* Begin PBXGroup section */
		F73E9B0224F9D81B00FA1584 /* Views */ = {
			isa = PBXGroup;
			children = (
				F7EA280C24D733CB00A28C63 /* ServiceTypesListView.swift */,
				F73E9B0624F9D8BD00FA1584 /* ServicesListView.swift */,
				F73E9B0324F9D83800FA1584 /* ServiceView.swift */,
			);
			path = Views;
			sourceTree = "<group>";
		};
		F7EA280524D733CB00A28C63 = {
			isa = PBXGroup;
			children = (
				F7EA280A24D733CB00A28C63 /* Shared */,
				F7EA281424D733CC00A28C63 /* iOS */,
				F7EA281B24D733CC00A28C63 /* macOS */,
				F7EA281324D733CC00A28C63 /* Products */,
			);
			sourceTree = "<group>";
		};
		F7EA280A24D733CB00A28C63 /* Shared */ = {
			isa = PBXGroup;
			children = (
				F73E9AFD24F92A3200FA1584 /* FrancisApp.swift */,
				F72B92AC24E0C6BD00E1C008 /* AppState.swift */,
				F72B92AF24E0C9F400E1C008 /* AppEnvironment.swift */,
				F7EA283A24D735E300A28C63 /* ServiceTypesProvider.swift */,
				F73E9B0224F9D81B00FA1584 /* Views */,
				F7EA283224D735E300A28C63 /* Extensions */,
				F7EA280D24D733CC00A28C63 /* Assets.xcassets */,
			);
			path = Shared;
			sourceTree = "<group>";
		};
		F7EA281324D733CC00A28C63 /* Products */ = {
			isa = PBXGroup;
			children = (
				F7EA281224D733CC00A28C63 /* Francis.app */,
				F7EA281A24D733CC00A28C63 /* Francis.app */,
			);
			name = Products;
			sourceTree = "<group>";
		};
		F7EA281424D733CC00A28C63 /* iOS */ = {
			isa = PBXGroup;
			children = (
				F73E9AFB24F929A300FA1584 /* CompactAppScene.swift */,
				F7EA281524D733CC00A28C63 /* Info.plist */,
			);
			path = iOS;
			sourceTree = "<group>";
		};
		F7EA281B24D733CC00A28C63 /* macOS */ = {
			isa = PBXGroup;
			children = (
				F73E9AFF24F92AAC00FA1584 /* ColumnAppScene.swift */,
				F7EA285124D96AC500A28C63 /* Sidebar.swift */,
				F7EA281C24D733CC00A28C63 /* Info.plist */,
				F7EA281D24D733CC00A28C63 /* macOS.entitlements */,
			);
			path = macOS;
			sourceTree = "<group>";
		};
		F7EA283224D735E300A28C63 /* Extensions */ = {
			isa = PBXGroup;
			children = (
				F7EA283324D735E300A28C63 /* Publisher+Combine.swift */,
				F7EA283724D735E300A28C63 /* NetServiceBrowser+Combine.swift */,
				F7EA283824D735E300A28C63 /* NetService+Combine.swift */,
			);
			path = Extensions;
			sourceTree = "<group>";
		};
/* End PBXGroup section */

/* Begin PBXNativeTarget section */
		F7EA281124D733CC00A28C63 /* Francis (iOS) */ = {
			isa = PBXNativeTarget;
			buildConfigurationList = F7EA282624D733CC00A28C63 /* Build configuration list for PBXNativeTarget "Francis (iOS)" */;
			buildPhases = (
				F7EA280E24D733CC00A28C63 /* Sources */,
				F7EA280F24D733CC00A28C63 /* Frameworks */,
				F7EA281024D733CC00A28C63 /* Resources */,
			);
			buildRules = (
			);
			dependencies = (
			);
			name = "Francis (iOS)";
			productName = "Francis (iOS)";
			productReference = F7EA281224D733CC00A28C63 /* Francis.app */;
			productType = "com.apple.product-type.application";
		};
		F7EA281924D733CC00A28C63 /* Francis (macOS) */ = {
			isa = PBXNativeTarget;
			buildConfigurationList = F7EA282924D733CC00A28C63 /* Build configuration list for PBXNativeTarget "Francis (macOS)" */;
			buildPhases = (
				F7EA281624D733CC00A28C63 /* Sources */,
				F7EA281724D733CC00A28C63 /* Frameworks */,
				F7EA281824D733CC00A28C63 /* Resources */,
			);
			buildRules = (
			);
			dependencies = (
			);
			name = "Francis (macOS)";
			productName = "Francis (macOS)";
			productReference = F7EA281A24D733CC00A28C63 /* Francis.app */;
			productType = "com.apple.product-type.application";
		};
/* End PBXNativeTarget section */

/* Begin PBXProject section */
		F7EA280624D733CB00A28C63 /* Project object */ = {
			isa = PBXProject;
			attributes = {
				LastSwiftUpdateCheck = 1200;
				LastUpgradeCheck = 1200;
				TargetAttributes = {
					F7EA281124D733CC00A28C63 = {
						CreatedOnToolsVersion = 12.0;
					};
					F7EA281924D733CC00A28C63 = {
						CreatedOnToolsVersion = 12.0;
					};
				};
			};
			buildConfigurationList = F7EA280924D733CB00A28C63 /* Build configuration list for PBXProject "Francis" */;
			compatibilityVersion = "Xcode 9.3";
			developmentRegion = en;
			hasScannedForEncodings = 0;
			knownRegions = (
				en,
				Base,
			);
			mainGroup = F7EA280524D733CB00A28C63;
			productRefGroup = F7EA281324D733CC00A28C63 /* Products */;
			projectDirPath = "";
			projectRoot = "";
			targets = (
				F7EA281124D733CC00A28C63 /* Francis (iOS) */,
				F7EA281924D733CC00A28C63 /* Francis (macOS) */,
			);
		};
/* End PBXProject section */

/* Begin PBXResourcesBuildPhase section */
		F7EA281024D733CC00A28C63 /* Resources */ = {
			isa = PBXResourcesBuildPhase;
			buildActionMask = 2147483647;
			files = (
				F7EA282224D733CC00A28C63 /* Assets.xcassets in Resources */,
			);
			runOnlyForDeploymentPostprocessing = 0;
		};
		F7EA281824D733CC00A28C63 /* Resources */ = {
			isa = PBXResourcesBuildPhase;
			buildActionMask = 2147483647;
			files = (
				F7EA282324D733CC00A28C63 /* Assets.xcassets in Resources */,
			);
			runOnlyForDeploymentPostprocessing = 0;
		};
/* End PBXResourcesBuildPhase section */

/* Begin PBXSourcesBuildPhase section */
		F7EA280E24D733CC00A28C63 /* Sources */ = {
			isa = PBXSourcesBuildPhase;
			buildActionMask = 2147483647;
			files = (
				F73E9B0724F9D8BD00FA1584 /* ServicesListView.swift in Sources */,
				F73E9B0424F9D83800FA1584 /* ServiceView.swift in Sources */,
				F72B92AD24E0C6BD00E1C008 /* AppState.swift in Sources */,
				F73E9AFC24F929A300FA1584 /* CompactAppScene.swift in Sources */,
				F73E9AFE24F92A3200FA1584 /* FrancisApp.swift in Sources */,
				F7EA284B24D735E300A28C63 /* ServiceTypesProvider.swift in Sources */,
				F7EA282024D733CC00A28C63 /* ServiceTypesListView.swift in Sources */,
				F7EA284524D735E300A28C63 /* NetServiceBrowser+Combine.swift in Sources */,
				F72B92B024E0C9F400E1C008 /* AppEnvironment.swift in Sources */,
				F7EA284724D735E300A28C63 /* NetService+Combine.swift in Sources */,
				F7EA283D24D735E300A28C63 /* Publisher+Combine.swift in Sources */,
			);
			runOnlyForDeploymentPostprocessing = 0;
		};
		F7EA281624D733CC00A28C63 /* Sources */ = {
			isa = PBXSourcesBuildPhase;
			buildActionMask = 2147483647;
			files = (
				F73E9B0824F9D8BD00FA1584 /* ServicesListView.swift in Sources */,
				F73E9B0524F9D83800FA1584 /* ServiceView.swift in Sources */,
				F72B92AE24E0C6BD00E1C008 /* AppState.swift in Sources */,
				F7EA284C24D735E300A28C63 /* ServiceTypesProvider.swift in Sources */,
				F7EA282124D733CC00A28C63 /* ServiceTypesListView.swift in Sources */,
				F7EA284624D735E300A28C63 /* NetServiceBrowser+Combine.swift in Sources */,
				F73E9B0024F92AAC00FA1584 /* ColumnAppScene.swift in Sources */,
				F73E9B0124F92B1600FA1584 /* FrancisApp.swift in Sources */,
				F7EA284824D735E300A28C63 /* NetService+Combine.swift in Sources */,
				F72B92B124E0C9F400E1C008 /* AppEnvironment.swift in Sources */,
				F7EA283E24D735E300A28C63 /* Publisher+Combine.swift in Sources */,
			);
			runOnlyForDeploymentPostprocessing = 0;
		};
/* End PBXSourcesBuildPhase section */

/* Begin XCBuildConfiguration section */
		F7EA282424D733CC00A28C63 /* Debug */ = {
			isa = XCBuildConfiguration;
			buildSettings = {
				ALWAYS_SEARCH_USER_PATHS = NO;
				CLANG_ANALYZER_NONNULL = YES;
				CLANG_ANALYZER_NUMBER_OBJECT_CONVERSION = YES_AGGRESSIVE;
				CLANG_CXX_LANGUAGE_STANDARD = "gnu++14";
				CLANG_CXX_LIBRARY = "libc++";
				CLANG_ENABLE_MODULES = YES;
				CLANG_ENABLE_OBJC_ARC = YES;
				CLANG_ENABLE_OBJC_WEAK = YES;
				CLANG_WARN_BLOCK_CAPTURE_AUTORELEASING = YES;
				CLANG_WARN_BOOL_CONVERSION = YES;
				CLANG_WARN_COMMA = YES;
				CLANG_WARN_CONSTANT_CONVERSION = YES;
				CLANG_WARN_DEPRECATED_OBJC_IMPLEMENTATIONS = YES;
				CLANG_WARN_DIRECT_OBJC_ISA_USAGE = YES_ERROR;
				CLANG_WARN_DOCUMENTATION_COMMENTS = YES;
				CLANG_WARN_EMPTY_BODY = YES;
				CLANG_WARN_ENUM_CONVERSION = YES;
				CLANG_WARN_INFINITE_RECURSION = YES;
				CLANG_WARN_INT_CONVERSION = YES;
				CLANG_WARN_NON_LITERAL_NULL_CONVERSION = YES;
				CLANG_WARN_OBJC_IMPLICIT_RETAIN_SELF = YES;
				CLANG_WARN_OBJC_LITERAL_CONVERSION = YES;
				CLANG_WARN_OBJC_ROOT_CLASS = YES_ERROR;
				CLANG_WARN_QUOTED_INCLUDE_IN_FRAMEWORK_HEADER = YES;
				CLANG_WARN_RANGE_LOOP_ANALYSIS = YES;
				CLANG_WARN_STRICT_PROTOTYPES = YES;
				CLANG_WARN_SUSPICIOUS_MOVE = YES;
				CLANG_WARN_UNGUARDED_AVAILABILITY = YES_AGGRESSIVE;
				CLANG_WARN_UNREACHABLE_CODE = YES;
				CLANG_WARN__DUPLICATE_METHOD_MATCH = YES;
				COPY_PHASE_STRIP = NO;
				DEBUG_INFORMATION_FORMAT = dwarf;
				ENABLE_STRICT_OBJC_MSGSEND = YES;
				ENABLE_TESTABILITY = YES;
				GCC_C_LANGUAGE_STANDARD = gnu11;
				GCC_DYNAMIC_NO_PIC = NO;
				GCC_NO_COMMON_BLOCKS = YES;
				GCC_OPTIMIZATION_LEVEL = 0;
				GCC_PREPROCESSOR_DEFINITIONS = (
					"DEBUG=1",
					"$(inherited)",
				);
				GCC_WARN_64_TO_32_BIT_CONVERSION = YES;
				GCC_WARN_ABOUT_RETURN_TYPE = YES_ERROR;
				GCC_WARN_UNDECLARED_SELECTOR = YES;
				GCC_WARN_UNINITIALIZED_AUTOS = YES_AGGRESSIVE;
				GCC_WARN_UNUSED_FUNCTION = YES;
				GCC_WARN_UNUSED_VARIABLE = YES;
				MTL_ENABLE_DEBUG_INFO = INCLUDE_SOURCE;
				MTL_FAST_MATH = YES;
				ONLY_ACTIVE_ARCH = YES;
				SWIFT_ACTIVE_COMPILATION_CONDITIONS = DEBUG;
				SWIFT_OPTIMIZATION_LEVEL = "-Onone";
			};
			name = Debug;
		};
		F7EA282524D733CC00A28C63 /* Release */ = {
			isa = XCBuildConfiguration;
			buildSettings = {
				ALWAYS_SEARCH_USER_PATHS = NO;
				CLANG_ANALYZER_NONNULL = YES;
				CLANG_ANALYZER_NUMBER_OBJECT_CONVERSION = YES_AGGRESSIVE;
				CLANG_CXX_LANGUAGE_STANDARD = "gnu++14";
				CLANG_CXX_LIBRARY = "libc++";
				CLANG_ENABLE_MODULES = YES;
				CLANG_ENABLE_OBJC_ARC = YES;
				CLANG_ENABLE_OBJC_WEAK = YES;
				CLANG_WARN_BLOCK_CAPTURE_AUTORELEASING = YES;
				CLANG_WARN_BOOL_CONVERSION = YES;
				CLANG_WARN_COMMA = YES;
				CLANG_WARN_CONSTANT_CONVERSION = YES;
				CLANG_WARN_DEPRECATED_OBJC_IMPLEMENTATIONS = YES;
				CLANG_WARN_DIRECT_OBJC_ISA_USAGE = YES_ERROR;
				CLANG_WARN_DOCUMENTATION_COMMENTS = YES;
				CLANG_WARN_EMPTY_BODY = YES;
				CLANG_WARN_ENUM_CONVERSION = YES;
				CLANG_WARN_INFINITE_RECURSION = YES;
				CLANG_WARN_INT_CONVERSION = YES;
				CLANG_WARN_NON_LITERAL_NULL_CONVERSION = YES;
				CLANG_WARN_OBJC_IMPLICIT_RETAIN_SELF = YES;
				CLANG_WARN_OBJC_LITERAL_CONVERSION = YES;
				CLANG_WARN_OBJC_ROOT_CLASS = YES_ERROR;
				CLANG_WARN_QUOTED_INCLUDE_IN_FRAMEWORK_HEADER = YES;
				CLANG_WARN_RANGE_LOOP_ANALYSIS = YES;
				CLANG_WARN_STRICT_PROTOTYPES = YES;
				CLANG_WARN_SUSPICIOUS_MOVE = YES;
				CLANG_WARN_UNGUARDED_AVAILABILITY = YES_AGGRESSIVE;
				CLANG_WARN_UNREACHABLE_CODE = YES;
				CLANG_WARN__DUPLICATE_METHOD_MATCH = YES;
				COPY_PHASE_STRIP = NO;
				DEBUG_INFORMATION_FORMAT = "dwarf-with-dsym";
				ENABLE_NS_ASSERTIONS = NO;
				ENABLE_STRICT_OBJC_MSGSEND = YES;
				GCC_C_LANGUAGE_STANDARD = gnu11;
				GCC_NO_COMMON_BLOCKS = YES;
				GCC_WARN_64_TO_32_BIT_CONVERSION = YES;
				GCC_WARN_ABOUT_RETURN_TYPE = YES_ERROR;
				GCC_WARN_UNDECLARED_SELECTOR = YES;
				GCC_WARN_UNINITIALIZED_AUTOS = YES_AGGRESSIVE;
				GCC_WARN_UNUSED_FUNCTION = YES;
				GCC_WARN_UNUSED_VARIABLE = YES;
				MTL_ENABLE_DEBUG_INFO = NO;
				MTL_FAST_MATH = YES;
				SWIFT_COMPILATION_MODE = wholemodule;
				SWIFT_OPTIMIZATION_LEVEL = "-O";
			};
			name = Release;
		};
		F7EA282724D733CC00A28C63 /* Debug */ = {
			isa = XCBuildConfiguration;
			buildSettings = {
				ASSETCATALOG_COMPILER_APPICON_NAME = AppIcon;
				ASSETCATALOG_COMPILER_GLOBAL_ACCENT_COLOR_NAME = AccentColor;
				CODE_SIGN_STYLE = Automatic;
				ENABLE_PREVIEWS = YES;
				INFOPLIST_FILE = iOS/Info.plist;
				IPHONEOS_DEPLOYMENT_TARGET = 14.0;
				LD_RUNPATH_SEARCH_PATHS = (
					"$(inherited)",
					"@executable_path/Frameworks",
				);
				PRODUCT_BUNDLE_IDENTIFIER = org.andyshep.Francis;
				PRODUCT_NAME = Francis;
				SDKROOT = iphoneos;
				SWIFT_VERSION = 5.0;
				TARGETED_DEVICE_FAMILY = "1,2";
			};
			name = Debug;
		};
		F7EA282824D733CC00A28C63 /* Release */ = {
			isa = XCBuildConfiguration;
			buildSettings = {
				ASSETCATALOG_COMPILER_APPICON_NAME = AppIcon;
				ASSETCATALOG_COMPILER_GLOBAL_ACCENT_COLOR_NAME = AccentColor;
				CODE_SIGN_STYLE = Automatic;
				ENABLE_PREVIEWS = YES;
				INFOPLIST_FILE = iOS/Info.plist;
				IPHONEOS_DEPLOYMENT_TARGET = 14.0;
				LD_RUNPATH_SEARCH_PATHS = (
					"$(inherited)",
					"@executable_path/Frameworks",
				);
				PRODUCT_BUNDLE_IDENTIFIER = org.andyshep.Francis;
				PRODUCT_NAME = Francis;
				SDKROOT = iphoneos;
				SWIFT_VERSION = 5.0;
				TARGETED_DEVICE_FAMILY = "1,2";
				VALIDATE_PRODUCT = YES;
			};
			name = Release;
		};
		F7EA282A24D733CC00A28C63 /* Debug */ = {
			isa = XCBuildConfiguration;
			buildSettings = {
				ASSETCATALOG_COMPILER_APPICON_NAME = AppIcon;
				ASSETCATALOG_COMPILER_GLOBAL_ACCENT_COLOR_NAME = AccentColor;
				CODE_SIGN_ENTITLEMENTS = macOS/macOS.entitlements;
				CODE_SIGN_STYLE = Automatic;
				COMBINE_HIDPI_IMAGES = YES;
				ENABLE_PREVIEWS = YES;
				INFOPLIST_FILE = macOS/Info.plist;
				LD_RUNPATH_SEARCH_PATHS = (
					"$(inherited)",
					"@executable_path/../Frameworks",
				);
				MACOSX_DEPLOYMENT_TARGET = 11.0;
				PRODUCT_BUNDLE_IDENTIFIER = org.andyshep.Francis;
				PRODUCT_NAME = Francis;
				SDKROOT = macosx;
				SWIFT_VERSION = 5.0;
			};
			name = Debug;
		};
		F7EA282B24D733CC00A28C63 /* Release */ = {
			isa = XCBuildConfiguration;
			buildSettings = {
				ASSETCATALOG_COMPILER_APPICON_NAME = AppIcon;
				ASSETCATALOG_COMPILER_GLOBAL_ACCENT_COLOR_NAME = AccentColor;
				CODE_SIGN_ENTITLEMENTS = macOS/macOS.entitlements;
				CODE_SIGN_STYLE = Automatic;
				COMBINE_HIDPI_IMAGES = YES;
				ENABLE_PREVIEWS = YES;
				INFOPLIST_FILE = macOS/Info.plist;
				LD_RUNPATH_SEARCH_PATHS = (
					"$(inherited)",
					"@executable_path/../Frameworks",
				);
				MACOSX_DEPLOYMENT_TARGET = 11.0;
				PRODUCT_BUNDLE_IDENTIFIER = org.andyshep.Francis;
				PRODUCT_NAME = Francis;
				SDKROOT = macosx;
				SWIFT_VERSION = 5.0;
			};
			name = Release;
		};
/* End XCBuildConfiguration section */

/* Begin XCConfigurationList section */
		F7EA280924D733CB00A28C63 /* Build configuration list for PBXProject "Francis" */ = {
			isa = XCConfigurationList;
			buildConfigurations = (
				F7EA282424D733CC00A28C63 /* Debug */,
				F7EA282524D733CC00A28C63 /* Release */,
			);
			defaultConfigurationIsVisible = 0;
			defaultConfigurationName = Release;
		};
		F7EA282624D733CC00A28C63 /* Build configuration list for PBXNativeTarget "Francis (iOS)" */ = {
			isa = XCConfigurationList;
			buildConfigurations = (
				F7EA282724D733CC00A28C63 /* Debug */,
				F7EA282824D733CC00A28C63 /* Release */,
			);
			defaultConfigurationIsVisible = 0;
			defaultConfigurationName = Release;
		};
		F7EA282924D733CC00A28C63 /* Build configuration list for PBXNativeTarget "Francis (macOS)" */ = {
			isa = XCConfigurationList;
			buildConfigurations = (
				F7EA282A24D733CC00A28C63 /* Debug */,
				F7EA282B24D733CC00A28C63 /* Release */,
			);
			defaultConfigurationIsVisible = 0;
			defaultConfigurationName = Release;
		};
/* End XCConfigurationList section */
	};
	rootObject = F7EA280624D733CB00A28C63 /* Project object */;
}
