// !$*UTF8*$!
{
	archiveVersion = 1;
	classes = {
	};
	objectVersion = 48;
	objects = {

/* Begin PBXBuildFile section */
		F781C40B21972D7400088C3F /* Assets.xcassets in Resources */ = {isa = PBXBuildFile; fileRef = F781C40A21972D7400088C3F /* Assets.xcassets */; };
		F781C40E21972D7400088C3F /* Main.storyboard in Resources */ = {isa = PBXBuildFile; fileRef = F781C40C21972D7400088C3F /* Main.storyboard */; };
		F781C41B21972DDF00088C3F /* AppDelegate.swift in Sources */ = {isa = PBXBuildFile; fileRef = F781C41A21972DDF00088C3F /* AppDelegate.swift */; };
		F781C42021972DDF00088C3F /* Main.storyboard in Resources */ = {isa = PBXBuildFile; fileRef = F781C41E21972DDF00088C3F /* Main.storyboard */; };
		F781C42221972DDF00088C3F /* Assets.xcassets in Resources */ = {isa = PBXBuildFile; fileRef = F781C42121972DDF00088C3F /* Assets.xcassets */; };
		F781C42521972DDF00088C3F /* LaunchScreen.storyboard in Resources */ = {isa = PBXBuildFile; fileRef = F781C42321972DDF00088C3F /* LaunchScreen.storyboard */; };
		F781C45421972EEE00088C3F /* AppDelegate.swift in Sources */ = {isa = PBXBuildFile; fileRef = F781C45321972EEE00088C3F /* AppDelegate.swift */; };
		F781C49921973B5800088C3F /* ServiceTypesViewController.swift in Sources */ = {isa = PBXBuildFile; fileRef = F781C49821973B5800088C3F /* ServiceTypesViewController.swift */; };
		F781C49B2197409C00088C3F /* ServicesViewController.swift in Sources */ = {isa = PBXBuildFile; fileRef = F781C49A2197409C00088C3F /* ServicesViewController.swift */; };
		F781C49D2197444800088C3F /* ServiceViewController.swift in Sources */ = {isa = PBXBuildFile; fileRef = F781C49C2197444800088C3F /* ServiceViewController.swift */; };
		F781C4A9219863B400088C3F /* ServiceViewModel.swift in Sources */ = {isa = PBXBuildFile; fileRef = F781C4A0219863B400088C3F /* ServiceViewModel.swift */; };
		F781C4AA219863B400088C3F /* ServiceViewModel.swift in Sources */ = {isa = PBXBuildFile; fileRef = F781C4A0219863B400088C3F /* ServiceViewModel.swift */; };
		F781C4AB219863B400088C3F /* ServiceTypesViewModel.swift in Sources */ = {isa = PBXBuildFile; fileRef = F781C4A1219863B400088C3F /* ServiceTypesViewModel.swift */; };
		F781C4AC219863B400088C3F /* ServiceTypesViewModel.swift in Sources */ = {isa = PBXBuildFile; fileRef = F781C4A1219863B400088C3F /* ServiceTypesViewModel.swift */; };
		F781C4AD219863B400088C3F /* ServicesViewModel.swift in Sources */ = {isa = PBXBuildFile; fileRef = F781C4A2219863B400088C3F /* ServicesViewModel.swift */; };
		F781C4AE219863B400088C3F /* ServicesViewModel.swift in Sources */ = {isa = PBXBuildFile; fileRef = F781C4A2219863B400088C3F /* ServicesViewModel.swift */; };
		F781C4AF219863B400088C3F /* NetServiceBrowser+Rx.swift in Sources */ = {isa = PBXBuildFile; fileRef = F781C4A4219863B400088C3F /* NetServiceBrowser+Rx.swift */; };
		F781C4B0219863B400088C3F /* NetServiceBrowser+Rx.swift in Sources */ = {isa = PBXBuildFile; fileRef = F781C4A4219863B400088C3F /* NetServiceBrowser+Rx.swift */; };
		F781C4B1219863B400088C3F /* RxNetServiceDelegateProxy.swift in Sources */ = {isa = PBXBuildFile; fileRef = F781C4A5219863B400088C3F /* RxNetServiceDelegateProxy.swift */; };
		F781C4B2219863B400088C3F /* RxNetServiceDelegateProxy.swift in Sources */ = {isa = PBXBuildFile; fileRef = F781C4A5219863B400088C3F /* RxNetServiceDelegateProxy.swift */; };
		F781C4B3219863B400088C3F /* RxNetServiceBrowserDelegateProxy.swift in Sources */ = {isa = PBXBuildFile; fileRef = F781C4A6219863B400088C3F /* RxNetServiceBrowserDelegateProxy.swift */; };
		F781C4B4219863B400088C3F /* RxNetServiceBrowserDelegateProxy.swift in Sources */ = {isa = PBXBuildFile; fileRef = F781C4A6219863B400088C3F /* RxNetServiceBrowserDelegateProxy.swift */; };
		F781C4B5219863B400088C3F /* NetService+Rx.swift in Sources */ = {isa = PBXBuildFile; fileRef = F781C4A7219863B400088C3F /* NetService+Rx.swift */; };
		F781C4B6219863B400088C3F /* NetService+Rx.swift in Sources */ = {isa = PBXBuildFile; fileRef = F781C4A7219863B400088C3F /* NetService+Rx.swift */; };
		F781C4B7219863B400088C3F /* ObservableType+FilterNils.swift in Sources */ = {isa = PBXBuildFile; fileRef = F781C4A8219863B400088C3F /* ObservableType+FilterNils.swift */; };
		F781C4B8219863B400088C3F /* ObservableType+FilterNils.swift in Sources */ = {isa = PBXBuildFile; fileRef = F781C4A8219863B400088C3F /* ObservableType+FilterNils.swift */; };
		F781C4C02198641B00088C3F /* RxCocoa.framework.dSYM in Resources */ = {isa = PBXBuildFile; fileRef = F781C4BC2198641B00088C3F /* RxCocoa.framework.dSYM */; };
		F781C4C12198641B00088C3F /* RxSwift.framework.dSYM in Resources */ = {isa = PBXBuildFile; fileRef = F781C4BD2198641B00088C3F /* RxSwift.framework.dSYM */; };
		F781C4C72198643600088C3F /* RxCocoa.framework in Frameworks */ = {isa = PBXBuildFile; fileRef = F781C4BB2198641B00088C3F /* RxCocoa.framework */; };
		F781C4C82198643600088C3F /* RxCocoa.framework in Embed Frameworks */ = {isa = PBXBuildFile; fileRef = F781C4BB2198641B00088C3F /* RxCocoa.framework */; settings = {ATTRIBUTES = (CodeSignOnCopy, RemoveHeadersOnCopy, ); }; };
		F781C4C92198643600088C3F /* RxSwift.framework in Frameworks */ = {isa = PBXBuildFile; fileRef = F781C4BE2198641B00088C3F /* RxSwift.framework */; };
		F781C4CA2198643600088C3F /* RxSwift.framework in Embed Frameworks */ = {isa = PBXBuildFile; fileRef = F781C4BE2198641B00088C3F /* RxSwift.framework */; settings = {ATTRIBUTES = (CodeSignOnCopy, RemoveHeadersOnCopy, ); }; };
		F781C4D12198645C00088C3F /* RxSwift.framework.dSYM in Resources */ = {isa = PBXBuildFile; fileRef = F781C4CD2198645C00088C3F /* RxSwift.framework.dSYM */; };
		F781C4D32198645C00088C3F /* RxCocoa.framework.dSYM in Resources */ = {isa = PBXBuildFile; fileRef = F781C4CF2198645C00088C3F /* RxCocoa.framework.dSYM */; };
		F781C4D52198646900088C3F /* RxCocoa.framework in Frameworks */ = {isa = PBXBuildFile; fileRef = F781C4CE2198645C00088C3F /* RxCocoa.framework */; };
		F781C4D62198646900088C3F /* RxCocoa.framework in Embed Frameworks */ = {isa = PBXBuildFile; fileRef = F781C4CE2198645C00088C3F /* RxCocoa.framework */; settings = {ATTRIBUTES = (CodeSignOnCopy, RemoveHeadersOnCopy, ); }; };
		F781C4D72198646900088C3F /* RxSwift.framework in Frameworks */ = {isa = PBXBuildFile; fileRef = F781C4D02198645C00088C3F /* RxSwift.framework */; };
		F781C4D82198646900088C3F /* RxSwift.framework in Embed Frameworks */ = {isa = PBXBuildFile; fileRef = F781C4D02198645C00088C3F /* RxSwift.framework */; settings = {ATTRIBUTES = (CodeSignOnCopy, RemoveHeadersOnCopy, ); }; };
		F781C4DA2198648A00088C3F /* WindowController.swift in Sources */ = {isa = PBXBuildFile; fileRef = F781C4D92198648A00088C3F /* WindowController.swift */; };
		F781C4DE219864AB00088C3F /* ServiceViewController.swift in Sources */ = {isa = PBXBuildFile; fileRef = F781C4DB219864AB00088C3F /* ServiceViewController.swift */; };
		F781C4DF219864AB00088C3F /* ServicesViewController.swift in Sources */ = {isa = PBXBuildFile; fileRef = F781C4DC219864AB00088C3F /* ServicesViewController.swift */; };
		F781C4E0219864AB00088C3F /* ServiceTypesViewController.swift in Sources */ = {isa = PBXBuildFile; fileRef = F781C4DD219864AB00088C3F /* ServiceTypesViewController.swift */; };
/* End PBXBuildFile section */

/* Begin PBXCopyFilesBuildPhase section */
		F781C4652197371A00088C3F /* Embed Frameworks */ = {
			isa = PBXCopyFilesBuildPhase;
			buildActionMask = 2147483647;
			dstPath = "";
			dstSubfolderSpec = 10;
			files = (
				F781C4D82198646900088C3F /* RxSwift.framework in Embed Frameworks */,
				F781C4D62198646900088C3F /* RxCocoa.framework in Embed Frameworks */,
			);
			name = "Embed Frameworks";
			runOnlyForDeploymentPostprocessing = 0;
		};
		F781C4CB2198643600088C3F /* Embed Frameworks */ = {
			isa = PBXCopyFilesBuildPhase;
			buildActionMask = 2147483647;
			dstPath = "";
			dstSubfolderSpec = 10;
			files = (
				F781C4CA2198643600088C3F /* RxSwift.framework in Embed Frameworks */,
				F781C4C82198643600088C3F /* RxCocoa.framework in Embed Frameworks */,
			);
			name = "Embed Frameworks";
			runOnlyForDeploymentPostprocessing = 0;
		};
/* End PBXCopyFilesBuildPhase section */

/* Begin PBXFileReference section */
		F781C40421972D7200088C3F /* Francis.app */ = {isa = PBXFileReference; explicitFileType = wrapper.application; includeInIndex = 0; path = Francis.app; sourceTree = BUILT_PRODUCTS_DIR; };
		F781C40A21972D7400088C3F /* Assets.xcassets */ = {isa = PBXFileReference; lastKnownFileType = folder.assetcatalog; path = Assets.xcassets; sourceTree = "<group>"; };
		F781C40D21972D7400088C3F /* Base */ = {isa = PBXFileReference; lastKnownFileType = file.storyboard; name = Base; path = Base.lproj/Main.storyboard; sourceTree = "<group>"; };
		F781C40F21972D7400088C3F /* Info.plist */ = {isa = PBXFileReference; lastKnownFileType = text.plist.xml; path = Info.plist; sourceTree = "<group>"; };
		F781C41021972D7400088C3F /* Francis_macOS.entitlements */ = {isa = PBXFileReference; lastKnownFileType = text.plist.entitlements; path = Francis_macOS.entitlements; sourceTree = "<group>"; };
		F781C41821972DDF00088C3F /* Francis.app */ = {isa = PBXFileReference; explicitFileType = wrapper.application; includeInIndex = 0; path = Francis.app; sourceTree = BUILT_PRODUCTS_DIR; };
		F781C41A21972DDF00088C3F /* AppDelegate.swift */ = {isa = PBXFileReference; lastKnownFileType = sourcecode.swift; path = AppDelegate.swift; sourceTree = "<group>"; };
		F781C41F21972DDF00088C3F /* Base */ = {isa = PBXFileReference; lastKnownFileType = file.storyboard; name = Base; path = Base.lproj/Main.storyboard; sourceTree = "<group>"; };
		F781C42121972DDF00088C3F /* Assets.xcassets */ = {isa = PBXFileReference; lastKnownFileType = folder.assetcatalog; path = Assets.xcassets; sourceTree = "<group>"; };
		F781C42421972DDF00088C3F /* Base */ = {isa = PBXFileReference; lastKnownFileType = file.storyboard; name = Base; path = Base.lproj/LaunchScreen.storyboard; sourceTree = "<group>"; };
		F781C42621972DDF00088C3F /* Info.plist */ = {isa = PBXFileReference; lastKnownFileType = text.plist.xml; path = Info.plist; sourceTree = "<group>"; };
		F781C45321972EEE00088C3F /* AppDelegate.swift */ = {isa = PBXFileReference; fileEncoding = 4; lastKnownFileType = sourcecode.swift; path = AppDelegate.swift; sourceTree = "<group>"; };
		F781C49821973B5800088C3F /* ServiceTypesViewController.swift */ = {isa = PBXFileReference; fileEncoding = 4; lastKnownFileType = sourcecode.swift; path = ServiceTypesViewController.swift; sourceTree = "<group>"; };
		F781C49A2197409C00088C3F /* ServicesViewController.swift */ = {isa = PBXFileReference; lastKnownFileType = sourcecode.swift; path = ServicesViewController.swift; sourceTree = "<group>"; };
		F781C49C2197444800088C3F /* ServiceViewController.swift */ = {isa = PBXFileReference; lastKnownFileType = sourcecode.swift; path = ServiceViewController.swift; sourceTree = "<group>"; };
		F781C4A0219863B400088C3F /* ServiceViewModel.swift */ = {isa = PBXFileReference; fileEncoding = 4; lastKnownFileType = sourcecode.swift; path = ServiceViewModel.swift; sourceTree = "<group>"; };
		F781C4A1219863B400088C3F /* ServiceTypesViewModel.swift */ = {isa = PBXFileReference; fileEncoding = 4; lastKnownFileType = sourcecode.swift; path = ServiceTypesViewModel.swift; sourceTree = "<group>"; };
		F781C4A2219863B400088C3F /* ServicesViewModel.swift */ = {isa = PBXFileReference; fileEncoding = 4; lastKnownFileType = sourcecode.swift; path = ServicesViewModel.swift; sourceTree = "<group>"; };
		F781C4A4219863B400088C3F /* NetServiceBrowser+Rx.swift */ = {isa = PBXFileReference; fileEncoding = 4; lastKnownFileType = sourcecode.swift; path = "NetServiceBrowser+Rx.swift"; sourceTree = "<group>"; };
		F781C4A5219863B400088C3F /* RxNetServiceDelegateProxy.swift */ = {isa = PBXFileReference; fileEncoding = 4; lastKnownFileType = sourcecode.swift; path = RxNetServiceDelegateProxy.swift; sourceTree = "<group>"; };
		F781C4A6219863B400088C3F /* RxNetServiceBrowserDelegateProxy.swift */ = {isa = PBXFileReference; fileEncoding = 4; lastKnownFileType = sourcecode.swift; path = RxNetServiceBrowserDelegateProxy.swift; sourceTree = "<group>"; };
		F781C4A7219863B400088C3F /* NetService+Rx.swift */ = {isa = PBXFileReference; fileEncoding = 4; lastKnownFileType = sourcecode.swift; path = "NetService+Rx.swift"; sourceTree = "<group>"; };
		F781C4A8219863B400088C3F /* ObservableType+FilterNils.swift */ = {isa = PBXFileReference; fileEncoding = 4; lastKnownFileType = sourcecode.swift; path = "ObservableType+FilterNils.swift"; sourceTree = "<group>"; };
		F781C4BB2198641B00088C3F /* RxCocoa.framework */ = {isa = PBXFileReference; lastKnownFileType = wrapper.framework; name = RxCocoa.framework; path = Carthage/Build/iOS/RxCocoa.framework; sourceTree = SOURCE_ROOT; };
		F781C4BC2198641B00088C3F /* RxCocoa.framework.dSYM */ = {isa = PBXFileReference; lastKnownFileType = wrapper.dsym; name = RxCocoa.framework.dSYM; path = Carthage/Build/iOS/RxCocoa.framework.dSYM; sourceTree = SOURCE_ROOT; };
		F781C4BD2198641B00088C3F /* RxSwift.framework.dSYM */ = {isa = PBXFileReference; lastKnownFileType = wrapper.dsym; name = RxSwift.framework.dSYM; path = Carthage/Build/iOS/RxSwift.framework.dSYM; sourceTree = SOURCE_ROOT; };
		F781C4BE2198641B00088C3F /* RxSwift.framework */ = {isa = PBXFileReference; lastKnownFileType = wrapper.framework; name = RxSwift.framework; path = Carthage/Build/iOS/RxSwift.framework; sourceTree = SOURCE_ROOT; };
		F781C4CD2198645C00088C3F /* RxSwift.framework.dSYM */ = {isa = PBXFileReference; lastKnownFileType = wrapper.dsym; name = RxSwift.framework.dSYM; path = Carthage/Build/Mac/RxSwift.framework.dSYM; sourceTree = "<group>"; };
		F781C4CE2198645C00088C3F /* RxCocoa.framework */ = {isa = PBXFileReference; lastKnownFileType = wrapper.framework; name = RxCocoa.framework; path = Carthage/Build/Mac/RxCocoa.framework; sourceTree = "<group>"; };
		F781C4CF2198645C00088C3F /* RxCocoa.framework.dSYM */ = {isa = PBXFileReference; lastKnownFileType = wrapper.dsym; name = RxCocoa.framework.dSYM; path = Carthage/Build/Mac/RxCocoa.framework.dSYM; sourceTree = "<group>"; };
		F781C4D02198645C00088C3F /* RxSwift.framework */ = {isa = PBXFileReference; lastKnownFileType = wrapper.framework; name = RxSwift.framework; path = Carthage/Build/Mac/RxSwift.framework; sourceTree = "<group>"; };
		F781C4D92198648A00088C3F /* WindowController.swift */ = {isa = PBXFileReference; fileEncoding = 4; lastKnownFileType = sourcecode.swift; path = WindowController.swift; sourceTree = "<group>"; };
		F781C4DB219864AB00088C3F /* ServiceViewController.swift */ = {isa = PBXFileReference; fileEncoding = 4; lastKnownFileType = sourcecode.swift; name = ServiceViewController.swift; path = "Francis-macOS/View Controllers/ServiceViewController.swift"; sourceTree = SOURCE_ROOT; };
		F781C4DC219864AB00088C3F /* ServicesViewController.swift */ = {isa = PBXFileReference; fileEncoding = 4; lastKnownFileType = sourcecode.swift; name = ServicesViewController.swift; path = "Francis-macOS/View Controllers/ServicesViewController.swift"; sourceTree = SOURCE_ROOT; };
		F781C4DD219864AB00088C3F /* ServiceTypesViewController.swift */ = {isa = PBXFileReference; fileEncoding = 4; lastKnownFileType = sourcecode.swift; name = ServiceTypesViewController.swift; path = "Francis-macOS/View Controllers/ServiceTypesViewController.swift"; sourceTree = SOURCE_ROOT; };
/* End PBXFileReference section */

/* Begin PBXFrameworksBuildPhase section */
		F781C40121972D7200088C3F /* Frameworks */ = {
			isa = PBXFrameworksBuildPhase;
			buildActionMask = 2147483647;
			files = (
				F781C4D72198646900088C3F /* RxSwift.framework in Frameworks */,
				F781C4D52198646900088C3F /* RxCocoa.framework in Frameworks */,
			);
			runOnlyForDeploymentPostprocessing = 0;
		};
		F781C41521972DDF00088C3F /* Frameworks */ = {
			isa = PBXFrameworksBuildPhase;
			buildActionMask = 2147483647;
			files = (
				F781C4C92198643600088C3F /* RxSwift.framework in Frameworks */,
				F781C4C72198643600088C3F /* RxCocoa.framework in Frameworks */,
			);
			runOnlyForDeploymentPostprocessing = 0;
		};
/* End PBXFrameworksBuildPhase section */

/* Begin PBXGroup section */
		F781C40521972D7200088C3F /* Francis-macOS */ = {
			isa = PBXGroup;
			children = (
				F781C45321972EEE00088C3F /* AppDelegate.swift */,
				F781C4D92198648A00088C3F /* WindowController.swift */,
				F781C42A21972E8200088C3F /* View Controllers */,
				F781C40C21972D7400088C3F /* Main.storyboard */,
				F781C40A21972D7400088C3F /* Assets.xcassets */,
				F781C40F21972D7400088C3F /* Info.plist */,
				F781C41021972D7400088C3F /* Francis_macOS.entitlements */,
			);
			path = "Francis-macOS";
			sourceTree = "<group>";
		};
		F781C41921972DDF00088C3F /* Francis-iOS */ = {
			isa = PBXGroup;
			children = (
				F781C41A21972DDF00088C3F /* AppDelegate.swift */,
				F781C49821973B5800088C3F /* ServiceTypesViewController.swift */,
				F781C49A2197409C00088C3F /* ServicesViewController.swift */,
				F781C49C2197444800088C3F /* ServiceViewController.swift */,
				F781C41E21972DDF00088C3F /* Main.storyboard */,
				F781C42121972DDF00088C3F /* Assets.xcassets */,
				F781C42321972DDF00088C3F /* LaunchScreen.storyboard */,
				F781C42621972DDF00088C3F /* Info.plist */,
			);
			path = "Francis-iOS";
			sourceTree = "<group>";
		};
		F781C42A21972E8200088C3F /* View Controllers */ = {
			isa = PBXGroup;
			children = (
				F781C4DC219864AB00088C3F /* ServicesViewController.swift */,
				F781C4DD219864AB00088C3F /* ServiceTypesViewController.swift */,
				F781C4DB219864AB00088C3F /* ServiceViewController.swift */,
			);
			name = "View Controllers";
			path = "Common/View Controllers";
			sourceTree = SOURCE_ROOT;
		};
		F781C49E219863B400088C3F /* Shared */ = {
			isa = PBXGroup;
			children = (
				F781C49F219863B400088C3F /* View Models */,
				F781C4A3219863B400088C3F /* Extensions */,
			);
			path = Shared;
			sourceTree = "<group>";
		};
		F781C49F219863B400088C3F /* View Models */ = {
			isa = PBXGroup;
			children = (
				F781C4A0219863B400088C3F /* ServiceViewModel.swift */,
				F781C4A1219863B400088C3F /* ServiceTypesViewModel.swift */,
				F781C4A2219863B400088C3F /* ServicesViewModel.swift */,
			);
			path = "View Models";
			sourceTree = "<group>";
		};
		F781C4A3219863B400088C3F /* Extensions */ = {
			isa = PBXGroup;
			children = (
				F781C4A4219863B400088C3F /* NetServiceBrowser+Rx.swift */,
				F781C4A6219863B400088C3F /* RxNetServiceBrowserDelegateProxy.swift */,
				F781C4A7219863B400088C3F /* NetService+Rx.swift */,
				F781C4A5219863B400088C3F /* RxNetServiceDelegateProxy.swift */,
				F781C4A8219863B400088C3F /* ObservableType+FilterNils.swift */,
			);
			path = Extensions;
			sourceTree = "<group>";
		};
		F781C4B9219863E500088C3F /* Frameworks */ = {
			isa = PBXGroup;
			children = (
				F781C4CC2198644900088C3F /* macOS */,
				F781C4BA219863FC00088C3F /* iOS */,
			);
			name = Frameworks;
			sourceTree = "<group>";
		};
		F781C4BA219863FC00088C3F /* iOS */ = {
			isa = PBXGroup;
			children = (
				F781C4BB2198641B00088C3F /* RxCocoa.framework */,
				F781C4BC2198641B00088C3F /* RxCocoa.framework.dSYM */,
				F781C4BE2198641B00088C3F /* RxSwift.framework */,
				F781C4BD2198641B00088C3F /* RxSwift.framework.dSYM */,
			);
			path = iOS;
			sourceTree = "<group>";
		};
		F781C4CC2198644900088C3F /* macOS */ = {
			isa = PBXGroup;
			children = (
				F781C4CE2198645C00088C3F /* RxCocoa.framework */,
				F781C4CF2198645C00088C3F /* RxCocoa.framework.dSYM */,
				F781C4D02198645C00088C3F /* RxSwift.framework */,
				F781C4CD2198645C00088C3F /* RxSwift.framework.dSYM */,
			);
			name = macOS;
			sourceTree = "<group>";
		};
		F7B3CC90205D74B900A72DF0 = {
			isa = PBXGroup;
			children = (
				F781C40521972D7200088C3F /* Francis-macOS */,
				F781C41921972DDF00088C3F /* Francis-iOS */,
				F781C49E219863B400088C3F /* Shared */,
				F781C4B9219863E500088C3F /* Frameworks */,
				F7B3CC9A205D74B900A72DF0 /* Products */,
			);
			sourceTree = "<group>";
		};
		F7B3CC9A205D74B900A72DF0 /* Products */ = {
			isa = PBXGroup;
			children = (
				F781C40421972D7200088C3F /* Francis.app */,
				F781C41821972DDF00088C3F /* Francis.app */,
			);
			name = Products;
			sourceTree = "<group>";
		};
/* End PBXGroup section */

/* Begin PBXNativeTarget section */
		F781C40321972D7200088C3F /* Francis-macOS */ = {
			isa = PBXNativeTarget;
			buildConfigurationList = F781C41321972D7400088C3F /* Build configuration list for PBXNativeTarget "Francis-macOS" */;
			buildPhases = (
				F781C40021972D7200088C3F /* Sources */,
				F781C40121972D7200088C3F /* Frameworks */,
				F781C40221972D7200088C3F /* Resources */,
				F781C4652197371A00088C3F /* Embed Frameworks */,
			);
			buildRules = (
			);
			dependencies = (
			);
			name = "Francis-macOS";
			productName = "Francis-macOS";
			productReference = F781C40421972D7200088C3F /* Francis.app */;
			productType = "com.apple.product-type.application";
		};
		F781C41721972DDF00088C3F /* Francis-iOS */ = {
			isa = PBXNativeTarget;
			buildConfigurationList = F781C42721972DDF00088C3F /* Build configuration list for PBXNativeTarget "Francis-iOS" */;
			buildPhases = (
				F781C41421972DDF00088C3F /* Sources */,
				F781C41521972DDF00088C3F /* Frameworks */,
				F781C41621972DDF00088C3F /* Resources */,
				F781C4CB2198643600088C3F /* Embed Frameworks */,
			);
			buildRules = (
			);
			dependencies = (
			);
			name = "Francis-iOS";
			productName = "Francis-iOS";
			productReference = F781C41821972DDF00088C3F /* Francis.app */;
			productType = "com.apple.product-type.application";
		};
/* End PBXNativeTarget section */

/* Begin PBXProject section */
		F7B3CC91205D74B900A72DF0 /* Project object */ = {
			isa = PBXProject;
			attributes = {
				LastSwiftUpdateCheck = 1010;
				LastUpgradeCheck = 1000;
				ORGANIZATIONNAME = "Andrew Shepard";
				TargetAttributes = {
					F781C40321972D7200088C3F = {
						CreatedOnToolsVersion = 10.1;
						LastSwiftMigration = 1010;
						ProvisioningStyle = Automatic;
						SystemCapabilities = {
							com.apple.Sandbox = {
								enabled = 0;
							};
						};
					};
					F781C41721972DDF00088C3F = {
						CreatedOnToolsVersion = 10.1;
						ProvisioningStyle = Automatic;
					};
				};
			};
			buildConfigurationList = F7B3CC94205D74B900A72DF0 /* Build configuration list for PBXProject "Francis" */;
			compatibilityVersion = "Xcode 8.0";
			developmentRegion = en;
			hasScannedForEncodings = 0;
			knownRegions = (
				en,
				Base,
			);
			mainGroup = F7B3CC90205D74B900A72DF0;
			productRefGroup = F7B3CC9A205D74B900A72DF0 /* Products */;
			projectDirPath = "";
			projectRoot = "";
			targets = (
				F781C40321972D7200088C3F /* Francis-macOS */,
				F781C41721972DDF00088C3F /* Francis-iOS */,
			);
		};
/* End PBXProject section */

/* Begin PBXResourcesBuildPhase section */
		F781C40221972D7200088C3F /* Resources */ = {
			isa = PBXResourcesBuildPhase;
			buildActionMask = 2147483647;
			files = (
				F781C4D32198645C00088C3F /* RxCocoa.framework.dSYM in Resources */,
				F781C40B21972D7400088C3F /* Assets.xcassets in Resources */,
				F781C40E21972D7400088C3F /* Main.storyboard in Resources */,
				F781C4D12198645C00088C3F /* RxSwift.framework.dSYM in Resources */,
			);
			runOnlyForDeploymentPostprocessing = 0;
		};
		F781C41621972DDF00088C3F /* Resources */ = {
			isa = PBXResourcesBuildPhase;
			buildActionMask = 2147483647;
			files = (
				F781C4C02198641B00088C3F /* RxCocoa.framework.dSYM in Resources */,
				F781C42521972DDF00088C3F /* LaunchScreen.storyboard in Resources */,
				F781C42221972DDF00088C3F /* Assets.xcassets in Resources */,
				F781C4C12198641B00088C3F /* RxSwift.framework.dSYM in Resources */,
				F781C42021972DDF00088C3F /* Main.storyboard in Resources */,
			);
			runOnlyForDeploymentPostprocessing = 0;
		};
/* End PBXResourcesBuildPhase section */

/* Begin PBXSourcesBuildPhase section */
		F781C40021972D7200088C3F /* Sources */ = {
			isa = PBXSourcesBuildPhase;
			buildActionMask = 2147483647;
			files = (
				F781C4AD219863B400088C3F /* ServicesViewModel.swift in Sources */,
				F781C4B1219863B400088C3F /* RxNetServiceDelegateProxy.swift in Sources */,
				F781C4AF219863B400088C3F /* NetServiceBrowser+Rx.swift in Sources */,
				F781C4E0219864AB00088C3F /* ServiceTypesViewController.swift in Sources */,
				F781C4AB219863B400088C3F /* ServiceTypesViewModel.swift in Sources */,
				F781C4B3219863B400088C3F /* RxNetServiceBrowserDelegateProxy.swift in Sources */,
				F781C4DA2198648A00088C3F /* WindowController.swift in Sources */,
				F781C4DF219864AB00088C3F /* ServicesViewController.swift in Sources */,
				F781C4DE219864AB00088C3F /* ServiceViewController.swift in Sources */,
				F781C4B7219863B400088C3F /* ObservableType+FilterNils.swift in Sources */,
				F781C4A9219863B400088C3F /* ServiceViewModel.swift in Sources */,
				F781C45421972EEE00088C3F /* AppDelegate.swift in Sources */,
				F781C4B5219863B400088C3F /* NetService+Rx.swift in Sources */,
			);
			runOnlyForDeploymentPostprocessing = 0;
		};
		F781C41421972DDF00088C3F /* Sources */ = {
			isa = PBXSourcesBuildPhase;
			buildActionMask = 2147483647;
			files = (
				F781C4B2219863B400088C3F /* RxNetServiceDelegateProxy.swift in Sources */,
				F781C49921973B5800088C3F /* ServiceTypesViewController.swift in Sources */,
				F781C4B6219863B400088C3F /* NetService+Rx.swift in Sources */,
				F781C49D2197444800088C3F /* ServiceViewController.swift in Sources */,
				F781C4B8219863B400088C3F /* ObservableType+FilterNils.swift in Sources */,
				F781C4AC219863B400088C3F /* ServiceTypesViewModel.swift in Sources */,
				F781C41B21972DDF00088C3F /* AppDelegate.swift in Sources */,
				F781C49B2197409C00088C3F /* ServicesViewController.swift in Sources */,
				F781C4AE219863B400088C3F /* ServicesViewModel.swift in Sources */,
				F781C4B0219863B400088C3F /* NetServiceBrowser+Rx.swift in Sources */,
				F781C4B4219863B400088C3F /* RxNetServiceBrowserDelegateProxy.swift in Sources */,
				F781C4AA219863B400088C3F /* ServiceViewModel.swift in Sources */,
			);
			runOnlyForDeploymentPostprocessing = 0;
		};
/* End PBXSourcesBuildPhase section */

/* Begin PBXVariantGroup section */
		F781C40C21972D7400088C3F /* Main.storyboard */ = {
			isa = PBXVariantGroup;
			children = (
				F781C40D21972D7400088C3F /* Base */,
			);
			name = Main.storyboard;
			sourceTree = "<group>";
		};
		F781C41E21972DDF00088C3F /* Main.storyboard */ = {
			isa = PBXVariantGroup;
			children = (
				F781C41F21972DDF00088C3F /* Base */,
			);
			name = Main.storyboard;
			sourceTree = "<group>";
		};
		F781C42321972DDF00088C3F /* LaunchScreen.storyboard */ = {
			isa = PBXVariantGroup;
			children = (
				F781C42421972DDF00088C3F /* Base */,
			);
			name = LaunchScreen.storyboard;
			sourceTree = "<group>";
		};
/* End PBXVariantGroup section */

/* Begin XCBuildConfiguration section */
		F781C41121972D7400088C3F /* Debug */ = {
			isa = XCBuildConfiguration;
			buildSettings = {
				ASSETCATALOG_COMPILER_APPICON_NAME = AppIcon;
				CLANG_ENABLE_MODULES = YES;
				CLANG_ENABLE_OBJC_WEAK = YES;
				CODE_SIGN_STYLE = Automatic;
				COMBINE_HIDPI_IMAGES = YES;
				FRAMEWORK_SEARCH_PATHS = (
					"$(inherited)",
					"$(PROJECT_DIR)/Carthage/Build/Mac",
				);
				INFOPLIST_FILE = "Francis-macOS/Info.plist";
				LD_RUNPATH_SEARCH_PATHS = "$(inherited) @executable_path/../Frameworks";
				MTL_ENABLE_DEBUG_INFO = INCLUDE_SOURCE;
				MTL_FAST_MATH = YES;
				PRODUCT_BUNDLE_IDENTIFIER = "org.andyshep.Francis-macOS";
				PRODUCT_NAME = Francis;
				SWIFT_OPTIMIZATION_LEVEL = "-Onone";
				SWIFT_VERSION = 4.2;
			};
			name = Debug;
		};
		F781C41221972D7400088C3F /* Release */ = {
			isa = XCBuildConfiguration;
			buildSettings = {
				ASSETCATALOG_COMPILER_APPICON_NAME = AppIcon;
				CLANG_ENABLE_MODULES = YES;
				CLANG_ENABLE_OBJC_WEAK = YES;
				CODE_SIGN_STYLE = Automatic;
				COMBINE_HIDPI_IMAGES = YES;
				FRAMEWORK_SEARCH_PATHS = (
					"$(inherited)",
					"$(PROJECT_DIR)/Carthage/Build/Mac",
				);
				INFOPLIST_FILE = "Francis-macOS/Info.plist";
				LD_RUNPATH_SEARCH_PATHS = "$(inherited) @executable_path/../Frameworks";
				MTL_FAST_MATH = YES;
				PRODUCT_BUNDLE_IDENTIFIER = "org.andyshep.Francis-macOS";
				PRODUCT_NAME = Francis;
				SWIFT_VERSION = 4.2;
			};
			name = Release;
		};
		F781C42821972DDF00088C3F /* Debug */ = {
			isa = XCBuildConfiguration;
			buildSettings = {
				ASSETCATALOG_COMPILER_APPICON_NAME = AppIcon;
				CLANG_ENABLE_OBJC_WEAK = YES;
				CODE_SIGN_IDENTITY = "iPhone Developer";
				CODE_SIGN_STYLE = Automatic;
				FRAMEWORK_SEARCH_PATHS = (
					"$(inherited)",
					"$(PROJECT_DIR)/Carthage/Build/iOS",
				);
				INFOPLIST_FILE = "Francis-iOS/Info.plist";
				IPHONEOS_DEPLOYMENT_TARGET = 12.1;
				LD_RUNPATH_SEARCH_PATHS = "$(inherited) @executable_path/Frameworks";
				MTL_ENABLE_DEBUG_INFO = INCLUDE_SOURCE;
				MTL_FAST_MATH = YES;
				PRODUCT_BUNDLE_IDENTIFIER = "org.andyshep.Francis-iOS";
				PRODUCT_NAME = Francis;
				SDKROOT = iphoneos;
				SWIFT_VERSION = 4.2;
				TARGETED_DEVICE_FAMILY = "1,2";
			};
			name = Debug;
		};
		F781C42921972DDF00088C3F /* Release */ = {
			isa = XCBuildConfiguration;
			buildSettings = {
				ASSETCATALOG_COMPILER_APPICON_NAME = AppIcon;
				CLANG_ENABLE_OBJC_WEAK = YES;
				CODE_SIGN_IDENTITY = "iPhone Developer";
				CODE_SIGN_STYLE = Automatic;
				FRAMEWORK_SEARCH_PATHS = (
					"$(inherited)",
					"$(PROJECT_DIR)/Carthage/Build/iOS",
				);
				INFOPLIST_FILE = "Francis-iOS/Info.plist";
				IPHONEOS_DEPLOYMENT_TARGET = 12.1;
				LD_RUNPATH_SEARCH_PATHS = "$(inherited) @executable_path/Frameworks";
				MTL_FAST_MATH = YES;
				PRODUCT_BUNDLE_IDENTIFIER = "org.andyshep.Francis-iOS";
				PRODUCT_NAME = Francis;
				SDKROOT = iphoneos;
				SWIFT_VERSION = 4.2;
				TARGETED_DEVICE_FAMILY = "1,2";
				VALIDATE_PRODUCT = YES;
			};
			name = Release;
		};
		F7B3CCA7205D74B900A72DF0 /* Debug */ = {
			isa = XCBuildConfiguration;
			buildSettings = {
				ALWAYS_SEARCH_USER_PATHS = NO;
				CLANG_ANALYZER_NONNULL = YES;
				CLANG_ANALYZER_NUMBER_OBJECT_CONVERSION = YES_AGGRESSIVE;
				CLANG_CXX_LANGUAGE_STANDARD = "gnu++14";
				CLANG_CXX_LIBRARY = "libc++";
				CLANG_ENABLE_MODULES = YES;
				CLANG_ENABLE_OBJC_ARC = YES;
				CLANG_WARN_BLOCK_CAPTURE_AUTORELEASING = YES;
				CLANG_WARN_BOOL_CONVERSION = YES;
				CLANG_WARN_COMMA = YES;
				CLANG_WARN_CONSTANT_CONVERSION = YES;
				CLANG_WARN_DEPRECATED_OBJC_IMPLEMENTATIONS = YES;
				CLANG_WARN_DIRECT_OBJC_ISA_USAGE = YES_ERROR;
				CLANG_WARN_DOCUMENTATION_COMMENTS = YES;
				CLANG_WARN_EMPTY_BODY = YES;
				CLANG_WARN_ENUM_CONVERSION = YES;
				CLANG_WARN_INFINITE_RECURSION = YES;
				CLANG_WARN_INT_CONVERSION = YES;
				CLANG_WARN_NON_LITERAL_NULL_CONVERSION = YES;
				CLANG_WARN_OBJC_IMPLICIT_RETAIN_SELF = YES;
				CLANG_WARN_OBJC_LITERAL_CONVERSION = YES;
				CLANG_WARN_OBJC_ROOT_CLASS = YES_ERROR;
				CLANG_WARN_RANGE_LOOP_ANALYSIS = YES;
				CLANG_WARN_STRICT_PROTOTYPES = YES;
				CLANG_WARN_SUSPICIOUS_MOVE = YES;
				CLANG_WARN_UNGUARDED_AVAILABILITY = YES_AGGRESSIVE;
				CLANG_WARN_UNREACHABLE_CODE = YES;
				CLANG_WARN__DUPLICATE_METHOD_MATCH = YES;
				CODE_SIGN_IDENTITY = "-";
				COPY_PHASE_STRIP = NO;
				DEBUG_INFORMATION_FORMAT = dwarf;
				ENABLE_STRICT_OBJC_MSGSEND = YES;
				ENABLE_TESTABILITY = YES;
				GCC_C_LANGUAGE_STANDARD = gnu11;
				GCC_DYNAMIC_NO_PIC = NO;
				GCC_NO_COMMON_BLOCKS = YES;
				GCC_OPTIMIZATION_LEVEL = 0;
				GCC_PREPROCESSOR_DEFINITIONS = (
					"DEBUG=1",
					"$(inherited)",
				);
				GCC_WARN_64_TO_32_BIT_CONVERSION = YES;
				GCC_WARN_ABOUT_RETURN_TYPE = YES_ERROR;
				GCC_WARN_UNDECLARED_SELECTOR = YES;
				GCC_WARN_UNINITIALIZED_AUTOS = YES_AGGRESSIVE;
				GCC_WARN_UNUSED_FUNCTION = YES;
				GCC_WARN_UNUSED_VARIABLE = YES;
				MACOSX_DEPLOYMENT_TARGET = 10.14;
				MTL_ENABLE_DEBUG_INFO = YES;
				ONLY_ACTIVE_ARCH = YES;
				SDKROOT = macosx;
				SWIFT_ACTIVE_COMPILATION_CONDITIONS = DEBUG;
				SWIFT_OPTIMIZATION_LEVEL = "-Onone";
				SWIFT_VERSION = 4.2;
			};
			name = Debug;
		};
		F7B3CCA8205D74B900A72DF0 /* Release */ = {
			isa = XCBuildConfiguration;
			buildSettings = {
				ALWAYS_SEARCH_USER_PATHS = NO;
				CLANG_ANALYZER_NONNULL = YES;
				CLANG_ANALYZER_NUMBER_OBJECT_CONVERSION = YES_AGGRESSIVE;
				CLANG_CXX_LANGUAGE_STANDARD = "gnu++14";
				CLANG_CXX_LIBRARY = "libc++";
				CLANG_ENABLE_MODULES = YES;
				CLANG_ENABLE_OBJC_ARC = YES;
				CLANG_WARN_BLOCK_CAPTURE_AUTORELEASING = YES;
				CLANG_WARN_BOOL_CONVERSION = YES;
				CLANG_WARN_COMMA = YES;
				CLANG_WARN_CONSTANT_CONVERSION = YES;
				CLANG_WARN_DEPRECATED_OBJC_IMPLEMENTATIONS = YES;
				CLANG_WARN_DIRECT_OBJC_ISA_USAGE = YES_ERROR;
				CLANG_WARN_DOCUMENTATION_COMMENTS = YES;
				CLANG_WARN_EMPTY_BODY = YES;
				CLANG_WARN_ENUM_CONVERSION = YES;
				CLANG_WARN_INFINITE_RECURSION = YES;
				CLANG_WARN_INT_CONVERSION = YES;
				CLANG_WARN_NON_LITERAL_NULL_CONVERSION = YES;
				CLANG_WARN_OBJC_IMPLICIT_RETAIN_SELF = YES;
				CLANG_WARN_OBJC_LITERAL_CONVERSION = YES;
				CLANG_WARN_OBJC_ROOT_CLASS = YES_ERROR;
				CLANG_WARN_RANGE_LOOP_ANALYSIS = YES;
				CLANG_WARN_STRICT_PROTOTYPES = YES;
				CLANG_WARN_SUSPICIOUS_MOVE = YES;
				CLANG_WARN_UNGUARDED_AVAILABILITY = YES_AGGRESSIVE;
				CLANG_WARN_UNREACHABLE_CODE = YES;
				CLANG_WARN__DUPLICATE_METHOD_MATCH = YES;
				CODE_SIGN_IDENTITY = "-";
				COPY_PHASE_STRIP = NO;
				DEBUG_INFORMATION_FORMAT = "dwarf-with-dsym";
				ENABLE_NS_ASSERTIONS = NO;
				ENABLE_STRICT_OBJC_MSGSEND = YES;
				GCC_C_LANGUAGE_STANDARD = gnu11;
				GCC_NO_COMMON_BLOCKS = YES;
				GCC_WARN_64_TO_32_BIT_CONVERSION = YES;
				GCC_WARN_ABOUT_RETURN_TYPE = YES_ERROR;
				GCC_WARN_UNDECLARED_SELECTOR = YES;
				GCC_WARN_UNINITIALIZED_AUTOS = YES_AGGRESSIVE;
				GCC_WARN_UNUSED_FUNCTION = YES;
				GCC_WARN_UNUSED_VARIABLE = YES;
				MACOSX_DEPLOYMENT_TARGET = 10.14;
				MTL_ENABLE_DEBUG_INFO = NO;
				SDKROOT = macosx;
				SWIFT_OPTIMIZATION_LEVEL = "-Owholemodule";
				SWIFT_VERSION = 4.2;
			};
			name = Release;
		};
/* End XCBuildConfiguration section */

/* Begin XCConfigurationList section */
		F781C41321972D7400088C3F /* Build configuration list for PBXNativeTarget "Francis-macOS" */ = {
			isa = XCConfigurationList;
			buildConfigurations = (
				F781C41121972D7400088C3F /* Debug */,
				F781C41221972D7400088C3F /* Release */,
			);
			defaultConfigurationIsVisible = 0;
			defaultConfigurationName = Release;
		};
		F781C42721972DDF00088C3F /* Build configuration list for PBXNativeTarget "Francis-iOS" */ = {
			isa = XCConfigurationList;
			buildConfigurations = (
				F781C42821972DDF00088C3F /* Debug */,
				F781C42921972DDF00088C3F /* Release */,
			);
			defaultConfigurationIsVisible = 0;
			defaultConfigurationName = Release;
		};
		F7B3CC94205D74B900A72DF0 /* Build configuration list for PBXProject "Francis" */ = {
			isa = XCConfigurationList;
			buildConfigurations = (
				F7B3CCA7205D74B900A72DF0 /* Debug */,
				F7B3CCA8205D74B900A72DF0 /* Release */,
			);
			defaultConfigurationIsVisible = 0;
			defaultConfigurationName = Release;
		};
/* End XCConfigurationList section */
	};
	rootObject = F7B3CC91205D74B900A72DF0 /* Project object */;
}
